// !$*UTF8*$!
{
	archiveVersion = 1;
	classes = {
	};
	objectVersion = 56;
	objects = {

/* Begin PBXBuildFile section */
		A33528BD2B9AB51A00668B0A /* ExpenseTrackerApp.swift in Sources */ = {isa = PBXBuildFile; fileRef = A33528BC2B9AB51A00668B0A /* ExpenseTrackerApp.swift */; };
		A33528BF2B9AB51A00668B0A /* ContentView.swift in Sources */ = {isa = PBXBuildFile; fileRef = A33528BE2B9AB51A00668B0A /* ContentView.swift */; };
		A33528C12B9AB51C00668B0A /* Assets.xcassets in Resources */ = {isa = PBXBuildFile; fileRef = A33528C02B9AB51C00668B0A /* Assets.xcassets */; };
		A33528C42B9AB51C00668B0A /* Preview Assets.xcassets in Resources */ = {isa = PBXBuildFile; fileRef = A33528C32B9AB51C00668B0A /* Preview Assets.xcassets */; };
		A33528CE2B9AB51C00668B0A /* ExpenseTrackerTests.swift in Sources */ = {isa = PBXBuildFile; fileRef = A33528CD2B9AB51C00668B0A /* ExpenseTrackerTests.swift */; };
		A33528D82B9AB51C00668B0A /* ExpenseTrackerUITests.swift in Sources */ = {isa = PBXBuildFile; fileRef = A33528D72B9AB51C00668B0A /* ExpenseTrackerUITests.swift */; };
		A33528DA2B9AB51C00668B0A /* ExpenseTrackerUITestsLaunchTests.swift in Sources */ = {isa = PBXBuildFile; fileRef = A33528D92B9AB51C00668B0A /* ExpenseTrackerUITestsLaunchTests.swift */; };
		A33528E72B9AC15000668B0A /* Extensions.swift in Sources */ = {isa = PBXBuildFile; fileRef = A33528E62B9AC15000668B0A /* Extensions.swift */; };
		A33528E92B9AD18D00668B0A /* TransactionModel.swift in Sources */ = {isa = PBXBuildFile; fileRef = A33528E82B9AD18D00668B0A /* TransactionModel.swift */; };
		A33528EB2B9AD30F00668B0A /* PreviewData.swift in Sources */ = {isa = PBXBuildFile; fileRef = A33528EA2B9AD30F00668B0A /* PreviewData.swift */; };
		A33528EF2B9AD43B00668B0A /* TransactionRow.swift in Sources */ = {isa = PBXBuildFile; fileRef = A33528EE2B9AD43B00668B0A /* TransactionRow.swift */; };
		A33528F22B9ADC2A00668B0A /* SwiftUIFontIcon in Frameworks */ = {isa = PBXBuildFile; productRef = A33528F12B9ADC2A00668B0A /* SwiftUIFontIcon */; };
		A33528F42B9AE30100668B0A /* TransactionListViewModel.swift in Sources */ = {isa = PBXBuildFile; fileRef = A33528F32B9AE30100668B0A /* TransactionListViewModel.swift */; };
		A33528F62B9AEB0400668B0A /* RecentTransactionList.swift in Sources */ = {isa = PBXBuildFile; fileRef = A33528F52B9AEB0400668B0A /* RecentTransactionList.swift */; };
		A33528F82B9C0CB800668B0A /* TransactionList.swift in Sources */ = {isa = PBXBuildFile; fileRef = A33528F72B9C0CB800668B0A /* TransactionList.swift */; };
		A33528FE2B9C183500668B0A /* OrderedCollections in Frameworks */ = {isa = PBXBuildFile; productRef = A33528FD2B9C183500668B0A /* OrderedCollections */; };
		A33529012B9C1D8600668B0A /* SwiftUICharts in Frameworks */ = {isa = PBXBuildFile; productRef = A33529002B9C1D8600668B0A /* SwiftUICharts */; };
/* End PBXBuildFile section */

/* Begin PBXContainerItemProxy section */
		A33528CA2B9AB51C00668B0A /* PBXContainerItemProxy */ = {
			isa = PBXContainerItemProxy;
			containerPortal = A33528B12B9AB51A00668B0A /* Project object */;
			proxyType = 1;
			remoteGlobalIDString = A33528B82B9AB51A00668B0A;
			remoteInfo = ExpenseTracker;
		};
		A33528D42B9AB51C00668B0A /* PBXContainerItemProxy */ = {
			isa = PBXContainerItemProxy;
			containerPortal = A33528B12B9AB51A00668B0A /* Project object */;
			proxyType = 1;
			remoteGlobalIDString = A33528B82B9AB51A00668B0A;
			remoteInfo = ExpenseTracker;
		};
/* End PBXContainerItemProxy section */

/* Begin PBXFileReference section */
		A33528B92B9AB51A00668B0A /* ExpenseTracker.app */ = {isa = PBXFileReference; explicitFileType = wrapper.application; includeInIndex = 0; path = ExpenseTracker.app; sourceTree = BUILT_PRODUCTS_DIR; };
		A33528BC2B9AB51A00668B0A /* ExpenseTrackerApp.swift */ = {isa = PBXFileReference; lastKnownFileType = sourcecode.swift; path = ExpenseTrackerApp.swift; sourceTree = "<group>"; };
		A33528BE2B9AB51A00668B0A /* ContentView.swift */ = {isa = PBXFileReference; lastKnownFileType = sourcecode.swift; path = ContentView.swift; sourceTree = "<group>"; };
		A33528C02B9AB51C00668B0A /* Assets.xcassets */ = {isa = PBXFileReference; lastKnownFileType = folder.assetcatalog; path = Assets.xcassets; sourceTree = "<group>"; };
		A33528C32B9AB51C00668B0A /* Preview Assets.xcassets */ = {isa = PBXFileReference; lastKnownFileType = folder.assetcatalog; path = "Preview Assets.xcassets"; sourceTree = "<group>"; };
		A33528C92B9AB51C00668B0A /* ExpenseTrackerTests.xctest */ = {isa = PBXFileReference; explicitFileType = wrapper.cfbundle; includeInIndex = 0; path = ExpenseTrackerTests.xctest; sourceTree = BUILT_PRODUCTS_DIR; };
		A33528CD2B9AB51C00668B0A /* ExpenseTrackerTests.swift */ = {isa = PBXFileReference; lastKnownFileType = sourcecode.swift; path = ExpenseTrackerTests.swift; sourceTree = "<group>"; };
		A33528D32B9AB51C00668B0A /* ExpenseTrackerUITests.xctest */ = {isa = PBXFileReference; explicitFileType = wrapper.cfbundle; includeInIndex = 0; path = ExpenseTrackerUITests.xctest; sourceTree = BUILT_PRODUCTS_DIR; };
		A33528D72B9AB51C00668B0A /* ExpenseTrackerUITests.swift */ = {isa = PBXFileReference; lastKnownFileType = sourcecode.swift; path = ExpenseTrackerUITests.swift; sourceTree = "<group>"; };
		A33528D92B9AB51C00668B0A /* ExpenseTrackerUITestsLaunchTests.swift */ = {isa = PBXFileReference; lastKnownFileType = sourcecode.swift; path = ExpenseTrackerUITestsLaunchTests.swift; sourceTree = "<group>"; };
		A33528E62B9AC15000668B0A /* Extensions.swift */ = {isa = PBXFileReference; lastKnownFileType = sourcecode.swift; path = Extensions.swift; sourceTree = "<group>"; };
		A33528E82B9AD18D00668B0A /* TransactionModel.swift */ = {isa = PBXFileReference; lastKnownFileType = sourcecode.swift; path = TransactionModel.swift; sourceTree = "<group>"; };
		A33528EA2B9AD30F00668B0A /* PreviewData.swift */ = {isa = PBXFileReference; lastKnownFileType = sourcecode.swift; path = PreviewData.swift; sourceTree = "<group>"; };
		A33528EE2B9AD43B00668B0A /* TransactionRow.swift */ = {isa = PBXFileReference; lastKnownFileType = sourcecode.swift; path = TransactionRow.swift; sourceTree = "<group>"; };
		A33528F32B9AE30100668B0A /* TransactionListViewModel.swift */ = {isa = PBXFileReference; lastKnownFileType = sourcecode.swift; path = TransactionListViewModel.swift; sourceTree = "<group>"; };
		A33528F52B9AEB0400668B0A /* RecentTransactionList.swift */ = {isa = PBXFileReference; lastKnownFileType = sourcecode.swift; path = RecentTransactionList.swift; sourceTree = "<group>"; };
		A33528F72B9C0CB800668B0A /* TransactionList.swift */ = {isa = PBXFileReference; lastKnownFileType = sourcecode.swift; path = TransactionList.swift; sourceTree = "<group>"; };
/* End PBXFileReference section */

/* Begin PBXFrameworksBuildPhase section */
		A33528B62B9AB51A00668B0A /* Frameworks */ = {
			isa = PBXFrameworksBuildPhase;
			buildActionMask = 2147483647;
			files = (
				A33529012B9C1D8600668B0A /* SwiftUICharts in Frameworks */,
				A33528F22B9ADC2A00668B0A /* SwiftUIFontIcon in Frameworks */,
				A33528FE2B9C183500668B0A /* OrderedCollections in Frameworks */,
			);
			runOnlyForDeploymentPostprocessing = 0;
		};
		A33528C62B9AB51C00668B0A /* Frameworks */ = {
			isa = PBXFrameworksBuildPhase;
			buildActionMask = 2147483647;
			files = (
			);
			runOnlyForDeploymentPostprocessing = 0;
		};
		A33528D02B9AB51C00668B0A /* Frameworks */ = {
			isa = PBXFrameworksBuildPhase;
			buildActionMask = 2147483647;
			files = (
			);
			runOnlyForDeploymentPostprocessing = 0;
		};
/* End PBXFrameworksBuildPhase section */

/* Begin PBXGroup section */
		A33528B02B9AB51A00668B0A = {
			isa = PBXGroup;
			children = (
				A33528BB2B9AB51A00668B0A /* ExpenseTracker */,
				A33528CC2B9AB51C00668B0A /* ExpenseTrackerTests */,
				A33528D62B9AB51C00668B0A /* ExpenseTrackerUITests */,
				A33528BA2B9AB51A00668B0A /* Products */,
				A33528FA2B9C182C00668B0A /* Frameworks */,
			);
			sourceTree = "<group>";
		};
		A33528BA2B9AB51A00668B0A /* Products */ = {
			isa = PBXGroup;
			children = (
				A33528B92B9AB51A00668B0A /* ExpenseTracker.app */,
				A33528C92B9AB51C00668B0A /* ExpenseTrackerTests.xctest */,
				A33528D32B9AB51C00668B0A /* ExpenseTrackerUITests.xctest */,
			);
			name = Products;
			sourceTree = "<group>";
		};
		A33528BB2B9AB51A00668B0A /* ExpenseTracker */ = {
			isa = PBXGroup;
			children = (
				A33528BC2B9AB51A00668B0A /* ExpenseTrackerApp.swift */,
				A33528BE2B9AB51A00668B0A /* ContentView.swift */,
				A33528F52B9AEB0400668B0A /* RecentTransactionList.swift */,
				A33528F72B9C0CB800668B0A /* TransactionList.swift */,
				A33528EE2B9AD43B00668B0A /* TransactionRow.swift */,
				A33528F32B9AE30100668B0A /* TransactionListViewModel.swift */,
				A33528E82B9AD18D00668B0A /* TransactionModel.swift */,
				A33528E62B9AC15000668B0A /* Extensions.swift */,
				A33528C02B9AB51C00668B0A /* Assets.xcassets */,
				A33528C22B9AB51C00668B0A /* Preview Content */,
			);
			path = ExpenseTracker;
			sourceTree = "<group>";
		};
		A33528C22B9AB51C00668B0A /* Preview Content */ = {
			isa = PBXGroup;
			children = (
				A33528C32B9AB51C00668B0A /* Preview Assets.xcassets */,
				A33528EA2B9AD30F00668B0A /* PreviewData.swift */,
			);
			path = "Preview Content";
			sourceTree = "<group>";
		};
		A33528CC2B9AB51C00668B0A /* ExpenseTrackerTests */ = {
			isa = PBXGroup;
			children = (
				A33528CD2B9AB51C00668B0A /* ExpenseTrackerTests.swift */,
			);
			path = ExpenseTrackerTests;
			sourceTree = "<group>";
		};
		A33528D62B9AB51C00668B0A /* ExpenseTrackerUITests */ = {
			isa = PBXGroup;
			children = (
				A33528D72B9AB51C00668B0A /* ExpenseTrackerUITests.swift */,
				A33528D92B9AB51C00668B0A /* ExpenseTrackerUITestsLaunchTests.swift */,
			);
			path = ExpenseTrackerUITests;
			sourceTree = "<group>";
		};
		A33528FA2B9C182C00668B0A /* Frameworks */ = {
			isa = PBXGroup;
			children = (
			);
			name = Frameworks;
			sourceTree = "<group>";
		};
/* End PBXGroup section */

/* Begin PBXNativeTarget section */
		A33528B82B9AB51A00668B0A /* ExpenseTracker */ = {
			isa = PBXNativeTarget;
			buildConfigurationList = A33528DD2B9AB51C00668B0A /* Build configuration list for PBXNativeTarget "ExpenseTracker" */;
			buildPhases = (
				A33528B52B9AB51A00668B0A /* Sources */,
				A33528B62B9AB51A00668B0A /* Frameworks */,
				A33528B72B9AB51A00668B0A /* Resources */,
			);
			buildRules = (
			);
			dependencies = (
			);
			name = ExpenseTracker;
			packageProductDependencies = (
				A33528F12B9ADC2A00668B0A /* SwiftUIFontIcon */,
				A33528FD2B9C183500668B0A /* OrderedCollections */,
				A33529002B9C1D8600668B0A /* SwiftUICharts */,
			);
			productName = ExpenseTracker;
			productReference = A33528B92B9AB51A00668B0A /* ExpenseTracker.app */;
			productType = "com.apple.product-type.application";
		};
		A33528C82B9AB51C00668B0A /* ExpenseTrackerTests */ = {
			isa = PBXNativeTarget;
			buildConfigurationList = A33528E02B9AB51C00668B0A /* Build configuration list for PBXNativeTarget "ExpenseTrackerTests" */;
			buildPhases = (
				A33528C52B9AB51C00668B0A /* Sources */,
				A33528C62B9AB51C00668B0A /* Frameworks */,
				A33528C72B9AB51C00668B0A /* Resources */,
			);
			buildRules = (
			);
			dependencies = (
				A33528CB2B9AB51C00668B0A /* PBXTargetDependency */,
			);
			name = ExpenseTrackerTests;
			productName = ExpenseTrackerTests;
			productReference = A33528C92B9AB51C00668B0A /* ExpenseTrackerTests.xctest */;
			productType = "com.apple.product-type.bundle.unit-test";
		};
		A33528D22B9AB51C00668B0A /* ExpenseTrackerUITests */ = {
			isa = PBXNativeTarget;
			buildConfigurationList = A33528E32B9AB51C00668B0A /* Build configuration list for PBXNativeTarget "ExpenseTrackerUITests" */;
			buildPhases = (
				A33528CF2B9AB51C00668B0A /* Sources */,
				A33528D02B9AB51C00668B0A /* Frameworks */,
				A33528D12B9AB51C00668B0A /* Resources */,
			);
			buildRules = (
			);
			dependencies = (
				A33528D52B9AB51C00668B0A /* PBXTargetDependency */,
			);
			name = ExpenseTrackerUITests;
			productName = ExpenseTrackerUITests;
			productReference = A33528D32B9AB51C00668B0A /* ExpenseTrackerUITests.xctest */;
			productType = "com.apple.product-type.bundle.ui-testing";
		};
/* End PBXNativeTarget section */

/* Begin PBXProject section */
		A33528B12B9AB51A00668B0A /* Project object */ = {
			isa = PBXProject;
			attributes = {
				BuildIndependentTargetsInParallel = 1;
				LastSwiftUpdateCheck = 1530;
				LastUpgradeCheck = 1530;
				TargetAttributes = {
					A33528B82B9AB51A00668B0A = {
						CreatedOnToolsVersion = 15.3;
					};
					A33528C82B9AB51C00668B0A = {
						CreatedOnToolsVersion = 15.3;
						TestTargetID = A33528B82B9AB51A00668B0A;
					};
					A33528D22B9AB51C00668B0A = {
						CreatedOnToolsVersion = 15.3;
						TestTargetID = A33528B82B9AB51A00668B0A;
					};
				};
			};
			buildConfigurationList = A33528B42B9AB51A00668B0A /* Build configuration list for PBXProject "ExpenseTracker" */;
			compatibilityVersion = "Xcode 14.0";
			developmentRegion = en;
			hasScannedForEncodings = 0;
			knownRegions = (
				en,
				Base,
			);
			mainGroup = A33528B02B9AB51A00668B0A;
			packageReferences = (
				A33528F02B9ADAEA00668B0A /* XCRemoteSwiftPackageReference "SwiftUIFontIcon" */,
				A33528F92B9C15D800668B0A /* XCRemoteSwiftPackageReference "swift-collections" */,
				A33528FF2B9C1D7D00668B0A /* XCRemoteSwiftPackageReference "ChartView" */,
			);
			productRefGroup = A33528BA2B9AB51A00668B0A /* Products */;
			projectDirPath = "";
			projectRoot = "";
			targets = (
				A33528B82B9AB51A00668B0A /* ExpenseTracker */,
				A33528C82B9AB51C00668B0A /* ExpenseTrackerTests */,
				A33528D22B9AB51C00668B0A /* ExpenseTrackerUITests */,
			);
		};
/* End PBXProject section */

/* Begin PBXResourcesBuildPhase section */
		A33528B72B9AB51A00668B0A /* Resources */ = {
			isa = PBXResourcesBuildPhase;
			buildActionMask = 2147483647;
			files = (
				A33528C42B9AB51C00668B0A /* Preview Assets.xcassets in Resources */,
				A33528C12B9AB51C00668B0A /* Assets.xcassets in Resources */,
			);
			runOnlyForDeploymentPostprocessing = 0;
		};
		A33528C72B9AB51C00668B0A /* Resources */ = {
			isa = PBXResourcesBuildPhase;
			buildActionMask = 2147483647;
			files = (
			);
			runOnlyForDeploymentPostprocessing = 0;
		};
		A33528D12B9AB51C00668B0A /* Resources */ = {
			isa = PBXResourcesBuildPhase;
			buildActionMask = 2147483647;
			files = (
			);
			runOnlyForDeploymentPostprocessing = 0;
		};
/* End PBXResourcesBuildPhase section */

/* Begin PBXSourcesBuildPhase section */
		A33528B52B9AB51A00668B0A /* Sources */ = {
			isa = PBXSourcesBuildPhase;
			buildActionMask = 2147483647;
			files = (
				A33528EB2B9AD30F00668B0A /* PreviewData.swift in Sources */,
				A33528F82B9C0CB800668B0A /* TransactionList.swift in Sources */,
				A33528F62B9AEB0400668B0A /* RecentTransactionList.swift in Sources */,
				A33528E92B9AD18D00668B0A /* TransactionModel.swift in Sources */,
				A33528BF2B9AB51A00668B0A /* ContentView.swift in Sources */,
				A33528EF2B9AD43B00668B0A /* TransactionRow.swift in Sources */,
				A33528E72B9AC15000668B0A /* Extensions.swift in Sources */,
				A33528F42B9AE30100668B0A /* TransactionListViewModel.swift in Sources */,
				A33528BD2B9AB51A00668B0A /* ExpenseTrackerApp.swift in Sources */,
			);
			runOnlyForDeploymentPostprocessing = 0;
		};
		A33528C52B9AB51C00668B0A /* Sources */ = {
			isa = PBXSourcesBuildPhase;
			buildActionMask = 2147483647;
			files = (
				A33528CE2B9AB51C00668B0A /* ExpenseTrackerTests.swift in Sources */,
			);
			runOnlyForDeploymentPostprocessing = 0;
		};
		A33528CF2B9AB51C00668B0A /* Sources */ = {
			isa = PBXSourcesBuildPhase;
			buildActionMask = 2147483647;
			files = (
				A33528DA2B9AB51C00668B0A /* ExpenseTrackerUITestsLaunchTests.swift in Sources */,
				A33528D82B9AB51C00668B0A /* ExpenseTrackerUITests.swift in Sources */,
			);
			runOnlyForDeploymentPostprocessing = 0;
		};
/* End PBXSourcesBuildPhase section */

/* Begin PBXTargetDependency section */
		A33528CB2B9AB51C00668B0A /* PBXTargetDependency */ = {
			isa = PBXTargetDependency;
			target = A33528B82B9AB51A00668B0A /* ExpenseTracker */;
			targetProxy = A33528CA2B9AB51C00668B0A /* PBXContainerItemProxy */;
		};
		A33528D52B9AB51C00668B0A /* PBXTargetDependency */ = {
			isa = PBXTargetDependency;
			target = A33528B82B9AB51A00668B0A /* ExpenseTracker */;
			targetProxy = A33528D42B9AB51C00668B0A /* PBXContainerItemProxy */;
		};
/* End PBXTargetDependency section */

/* Begin XCBuildConfiguration section */
		A33528DB2B9AB51C00668B0A /* Debug */ = {
			isa = XCBuildConfiguration;
			buildSettings = {
				ALWAYS_SEARCH_USER_PATHS = NO;
				ASSETCATALOG_COMPILER_GENERATE_SWIFT_ASSET_SYMBOL_EXTENSIONS = YES;
				CLANG_ANALYZER_NONNULL = YES;
				CLANG_ANALYZER_NUMBER_OBJECT_CONVERSION = YES_AGGRESSIVE;
				CLANG_CXX_LANGUAGE_STANDARD = "gnu++20";
				CLANG_ENABLE_MODULES = YES;
				CLANG_ENABLE_OBJC_ARC = YES;
				CLANG_ENABLE_OBJC_WEAK = YES;
				CLANG_WARN_BLOCK_CAPTURE_AUTORELEASING = YES;
				CLANG_WARN_BOOL_CONVERSION = YES;
				CLANG_WARN_COMMA = YES;
				CLANG_WARN_CONSTANT_CONVERSION = YES;
				CLANG_WARN_DEPRECATED_OBJC_IMPLEMENTATIONS = YES;
				CLANG_WARN_DIRECT_OBJC_ISA_USAGE = YES_ERROR;
				CLANG_WARN_DOCUMENTATION_COMMENTS = YES;
				CLANG_WARN_EMPTY_BODY = YES;
				CLANG_WARN_ENUM_CONVERSION = YES;
				CLANG_WARN_INFINITE_RECURSION = YES;
				CLANG_WARN_INT_CONVERSION = YES;
				CLANG_WARN_NON_LITERAL_NULL_CONVERSION = YES;
				CLANG_WARN_OBJC_IMPLICIT_RETAIN_SELF = YES;
				CLANG_WARN_OBJC_LITERAL_CONVERSION = YES;
				CLANG_WARN_OBJC_ROOT_CLASS = YES_ERROR;
				CLANG_WARN_QUOTED_INCLUDE_IN_FRAMEWORK_HEADER = YES;
				CLANG_WARN_RANGE_LOOP_ANALYSIS = YES;
				CLANG_WARN_STRICT_PROTOTYPES = YES;
				CLANG_WARN_SUSPICIOUS_MOVE = YES;
				CLANG_WARN_UNGUARDED_AVAILABILITY = YES_AGGRESSIVE;
				CLANG_WARN_UNREACHABLE_CODE = YES;
				CLANG_WARN__DUPLICATE_METHOD_MATCH = YES;
				COPY_PHASE_STRIP = NO;
				DEBUG_INFORMATION_FORMAT = dwarf;
				ENABLE_STRICT_OBJC_MSGSEND = YES;
				ENABLE_TESTABILITY = YES;
				ENABLE_USER_SCRIPT_SANDBOXING = YES;
				GCC_C_LANGUAGE_STANDARD = gnu17;
				GCC_DYNAMIC_NO_PIC = NO;
				GCC_NO_COMMON_BLOCKS = YES;
				GCC_OPTIMIZATION_LEVEL = 0;
				GCC_PREPROCESSOR_DEFINITIONS = (
					"DEBUG=1",
					"$(inherited)",
				);
				GCC_WARN_64_TO_32_BIT_CONVERSION = YES;
				GCC_WARN_ABOUT_RETURN_TYPE = YES_ERROR;
				GCC_WARN_UNDECLARED_SELECTOR = YES;
				GCC_WARN_UNINITIALIZED_AUTOS = YES_AGGRESSIVE;
				GCC_WARN_UNUSED_FUNCTION = YES;
				GCC_WARN_UNUSED_VARIABLE = YES;
				IPHONEOS_DEPLOYMENT_TARGET = 17.4;
				LOCALIZATION_PREFERS_STRING_CATALOGS = YES;
				MTL_ENABLE_DEBUG_INFO = INCLUDE_SOURCE;
				MTL_FAST_MATH = YES;
				ONLY_ACTIVE_ARCH = YES;
				SDKROOT = iphoneos;
				SWIFT_ACTIVE_COMPILATION_CONDITIONS = "DEBUG $(inherited)";
				SWIFT_OPTIMIZATION_LEVEL = "-Onone";
			};
			name = Debug;
		};
		A33528DC2B9AB51C00668B0A /* Release */ = {
			isa = XCBuildConfiguration;
			buildSettings = {
				ALWAYS_SEARCH_USER_PATHS = NO;
				ASSETCATALOG_COMPILER_GENERATE_SWIFT_ASSET_SYMBOL_EXTENSIONS = YES;
				CLANG_ANALYZER_NONNULL = YES;
				CLANG_ANALYZER_NUMBER_OBJECT_CONVERSION = YES_AGGRESSIVE;
				CLANG_CXX_LANGUAGE_STANDARD = "gnu++20";
				CLANG_ENABLE_MODULES = YES;
				CLANG_ENABLE_OBJC_ARC = YES;
				CLANG_ENABLE_OBJC_WEAK = YES;
				CLANG_WARN_BLOCK_CAPTURE_AUTORELEASING = YES;
				CLANG_WARN_BOOL_CONVERSION = YES;
				CLANG_WARN_COMMA = YES;
				CLANG_WARN_CONSTANT_CONVERSION = YES;
				CLANG_WARN_DEPRECATED_OBJC_IMPLEMENTATIONS = YES;
				CLANG_WARN_DIRECT_OBJC_ISA_USAGE = YES_ERROR;
				CLANG_WARN_DOCUMENTATION_COMMENTS = YES;
				CLANG_WARN_EMPTY_BODY = YES;
				CLANG_WARN_ENUM_CONVERSION = YES;
				CLANG_WARN_INFINITE_RECURSION = YES;
				CLANG_WARN_INT_CONVERSION = YES;
				CLANG_WARN_NON_LITERAL_NULL_CONVERSION = YES;
				CLANG_WARN_OBJC_IMPLICIT_RETAIN_SELF = YES;
				CLANG_WARN_OBJC_LITERAL_CONVERSION = YES;
				CLANG_WARN_OBJC_ROOT_CLASS = YES_ERROR;
				CLANG_WARN_QUOTED_INCLUDE_IN_FRAMEWORK_HEADER = YES;
				CLANG_WARN_RANGE_LOOP_ANALYSIS = YES;
				CLANG_WARN_STRICT_PROTOTYPES = YES;
				CLANG_WARN_SUSPICIOUS_MOVE = YES;
				CLANG_WARN_UNGUARDED_AVAILABILITY = YES_AGGRESSIVE;
				CLANG_WARN_UNREACHABLE_CODE = YES;
				CLANG_WARN__DUPLICATE_METHOD_MATCH = YES;
				COPY_PHASE_STRIP = NO;
				DEBUG_INFORMATION_FORMAT = "dwarf-with-dsym";
				ENABLE_NS_ASSERTIONS = NO;
				ENABLE_STRICT_OBJC_MSGSEND = YES;
				ENABLE_USER_SCRIPT_SANDBOXING = YES;
				GCC_C_LANGUAGE_STANDARD = gnu17;
				GCC_NO_COMMON_BLOCKS = YES;
				GCC_WARN_64_TO_32_BIT_CONVERSION = YES;
				GCC_WARN_ABOUT_RETURN_TYPE = YES_ERROR;
				GCC_WARN_UNDECLARED_SELECTOR = YES;
				GCC_WARN_UNINITIALIZED_AUTOS = YES_AGGRESSIVE;
				GCC_WARN_UNUSED_FUNCTION = YES;
				GCC_WARN_UNUSED_VARIABLE = YES;
				IPHONEOS_DEPLOYMENT_TARGET = 17.4;
				LOCALIZATION_PREFERS_STRING_CATALOGS = YES;
				MTL_ENABLE_DEBUG_INFO = NO;
				MTL_FAST_MATH = YES;
				SDKROOT = iphoneos;
				SWIFT_COMPILATION_MODE = wholemodule;
				VALIDATE_PRODUCT = YES;
			};
			name = Release;
		};
		A33528DE2B9AB51C00668B0A /* Debug */ = {
			isa = XCBuildConfiguration;
			buildSettings = {
				ASSETCATALOG_COMPILER_APPICON_NAME = AppIcon;
				ASSETCATALOG_COMPILER_GLOBAL_ACCENT_COLOR_NAME = AccentColor;
				CODE_SIGN_STYLE = Automatic;
				CURRENT_PROJECT_VERSION = 1;
				DEVELOPMENT_ASSET_PATHS = "\"ExpenseTracker/Preview Content\"";
				ENABLE_PREVIEWS = YES;
				GENERATE_INFOPLIST_FILE = YES;
				INFOPLIST_KEY_UIApplicationSceneManifest_Generation = YES;
				INFOPLIST_KEY_UIApplicationSupportsIndirectInputEvents = YES;
				INFOPLIST_KEY_UILaunchScreen_Generation = YES;
				INFOPLIST_KEY_UISupportedInterfaceOrientations_iPad = "UIInterfaceOrientationPortrait UIInterfaceOrientationPortraitUpsideDown UIInterfaceOrientationLandscapeLeft UIInterfaceOrientationLandscapeRight";
				INFOPLIST_KEY_UISupportedInterfaceOrientations_iPhone = "UIInterfaceOrientationPortrait UIInterfaceOrientationLandscapeLeft UIInterfaceOrientationLandscapeRight";
				LD_RUNPATH_SEARCH_PATHS = (
					"$(inherited)",
					"@executable_path/Frameworks",
				);
				MARKETING_VERSION = 1.0;
				PRODUCT_BUNDLE_IDENTIFIER = io.designcode.ExpenseTracker;
				PRODUCT_NAME = "$(TARGET_NAME)";
				SWIFT_EMIT_LOC_STRINGS = YES;
				SWIFT_VERSION = 5.0;
				TARGETED_DEVICE_FAMILY = "1,2";
			};
			name = Debug;
		};
		A33528DF2B9AB51C00668B0A /* Release */ = {
			isa = XCBuildConfiguration;
			buildSettings = {
				ASSETCATALOG_COMPILER_APPICON_NAME = AppIcon;
				ASSETCATALOG_COMPILER_GLOBAL_ACCENT_COLOR_NAME = AccentColor;
				CODE_SIGN_STYLE = Automatic;
				CURRENT_PROJECT_VERSION = 1;
				DEVELOPMENT_ASSET_PATHS = "\"ExpenseTracker/Preview Content\"";
				ENABLE_PREVIEWS = YES;
				GENERATE_INFOPLIST_FILE = YES;
				INFOPLIST_KEY_UIApplicationSceneManifest_Generation = YES;
				INFOPLIST_KEY_UIApplicationSupportsIndirectInputEvents = YES;
				INFOPLIST_KEY_UILaunchScreen_Generation = YES;
				INFOPLIST_KEY_UISupportedInterfaceOrientations_iPad = "UIInterfaceOrientationPortrait UIInterfaceOrientationPortraitUpsideDown UIInterfaceOrientationLandscapeLeft UIInterfaceOrientationLandscapeRight";
				INFOPLIST_KEY_UISupportedInterfaceOrientations_iPhone = "UIInterfaceOrientationPortrait UIInterfaceOrientationLandscapeLeft UIInterfaceOrientationLandscapeRight";
				LD_RUNPATH_SEARCH_PATHS = (
					"$(inherited)",
					"@executable_path/Frameworks",
				);
				MARKETING_VERSION = 1.0;
				PRODUCT_BUNDLE_IDENTIFIER = io.designcode.ExpenseTracker;
				PRODUCT_NAME = "$(TARGET_NAME)";
				SWIFT_EMIT_LOC_STRINGS = YES;
				SWIFT_VERSION = 5.0;
				TARGETED_DEVICE_FAMILY = "1,2";
			};
			name = Release;
		};
		A33528E12B9AB51C00668B0A /* Debug */ = {
			isa = XCBuildConfiguration;
			buildSettings = {
				ALWAYS_EMBED_SWIFT_STANDARD_LIBRARIES = YES;
				BUNDLE_LOADER = "$(TEST_HOST)";
				CODE_SIGN_STYLE = Automatic;
				CURRENT_PROJECT_VERSION = 1;
				GENERATE_INFOPLIST_FILE = YES;
				IPHONEOS_DEPLOYMENT_TARGET = 17.4;
				MARKETING_VERSION = 1.0;
				PRODUCT_BUNDLE_IDENTIFIER = io.designcode.ExpenseTrackerTests;
				PRODUCT_NAME = "$(TARGET_NAME)";
				SWIFT_EMIT_LOC_STRINGS = NO;
				SWIFT_VERSION = 5.0;
				TARGETED_DEVICE_FAMILY = "1,2";
				TEST_HOST = "$(BUILT_PRODUCTS_DIR)/ExpenseTracker.app/$(BUNDLE_EXECUTABLE_FOLDER_PATH)/ExpenseTracker";
			};
			name = Debug;
		};
		A33528E22B9AB51C00668B0A /* Release */ = {
			isa = XCBuildConfiguration;
			buildSettings = {
				ALWAYS_EMBED_SWIFT_STANDARD_LIBRARIES = YES;
				BUNDLE_LOADER = "$(TEST_HOST)";
				CODE_SIGN_STYLE = Automatic;
				CURRENT_PROJECT_VERSION = 1;
				GENERATE_INFOPLIST_FILE = YES;
				IPHONEOS_DEPLOYMENT_TARGET = 17.4;
				MARKETING_VERSION = 1.0;
				PRODUCT_BUNDLE_IDENTIFIER = io.designcode.ExpenseTrackerTests;
				PRODUCT_NAME = "$(TARGET_NAME)";
				SWIFT_EMIT_LOC_STRINGS = NO;
				SWIFT_VERSION = 5.0;
				TARGETED_DEVICE_FAMILY = "1,2";
				TEST_HOST = "$(BUILT_PRODUCTS_DIR)/ExpenseTracker.app/$(BUNDLE_EXECUTABLE_FOLDER_PATH)/ExpenseTracker";
			};
			name = Release;
		};
		A33528E42B9AB51C00668B0A /* Debug */ = {
			isa = XCBuildConfiguration;
			buildSettings = {
				ALWAYS_EMBED_SWIFT_STANDARD_LIBRARIES = YES;
				CODE_SIGN_STYLE = Automatic;
				CURRENT_PROJECT_VERSION = 1;
				GENERATE_INFOPLIST_FILE = YES;
				MARKETING_VERSION = 1.0;
				PRODUCT_BUNDLE_IDENTIFIER = io.designcode.ExpenseTrackerUITests;
				PRODUCT_NAME = "$(TARGET_NAME)";
				SWIFT_EMIT_LOC_STRINGS = NO;
				SWIFT_VERSION = 5.0;
				TARGETED_DEVICE_FAMILY = "1,2";
				TEST_TARGET_NAME = ExpenseTracker;
			};
			name = Debug;
		};
		A33528E52B9AB51C00668B0A /* Release */ = {
			isa = XCBuildConfiguration;
			buildSettings = {
				ALWAYS_EMBED_SWIFT_STANDARD_LIBRARIES = YES;
				CODE_SIGN_STYLE = Automatic;
				CURRENT_PROJECT_VERSION = 1;
				GENERATE_INFOPLIST_FILE = YES;
				MARKETING_VERSION = 1.0;
				PRODUCT_BUNDLE_IDENTIFIER = io.designcode.ExpenseTrackerUITests;
				PRODUCT_NAME = "$(TARGET_NAME)";
				SWIFT_EMIT_LOC_STRINGS = NO;
				SWIFT_VERSION = 5.0;
				TARGETED_DEVICE_FAMILY = "1,2";
				TEST_TARGET_NAME = ExpenseTracker;
			};
			name = Release;
		};
/* End XCBuildConfiguration section */

/* Begin XCConfigurationList section */
		A33528B42B9AB51A00668B0A /* Build configuration list for PBXProject "ExpenseTracker" */ = {
			isa = XCConfigurationList;
			buildConfigurations = (
				A33528DB2B9AB51C00668B0A /* Debug */,
				A33528DC2B9AB51C00668B0A /* Release */,
			);
			defaultConfigurationIsVisible = 0;
			defaultConfigurationName = Release;
		};
		A33528DD2B9AB51C00668B0A /* Build configuration list for PBXNativeTarget "ExpenseTracker" */ = {
			isa = XCConfigurationList;
			buildConfigurations = (
				A33528DE2B9AB51C00668B0A /* Debug */,
				A33528DF2B9AB51C00668B0A /* Release */,
			);
			defaultConfigurationIsVisible = 0;
			defaultConfigurationName = Release;
		};
		A33528E02B9AB51C00668B0A /* Build configuration list for PBXNativeTarget "ExpenseTrackerTests" */ = {
			isa = XCConfigurationList;
			buildConfigurations = (
				A33528E12B9AB51C00668B0A /* Debug */,
				A33528E22B9AB51C00668B0A /* Release */,
			);
			defaultConfigurationIsVisible = 0;
			defaultConfigurationName = Release;
		};
		A33528E32B9AB51C00668B0A /* Build configuration list for PBXNativeTarget "ExpenseTrackerUITests" */ = {
			isa = XCConfigurationList;
			buildConfigurations = (
				A33528E42B9AB51C00668B0A /* Debug */,
				A33528E52B9AB51C00668B0A /* Release */,
			);
			defaultConfigurationIsVisible = 0;
			defaultConfigurationName = Release;
		};
/* End XCConfigurationList section */

/* Begin XCRemoteSwiftPackageReference section */
		A33528F02B9ADAEA00668B0A /* XCRemoteSwiftPackageReference "SwiftUIFontIcon" */ = {
			isa = XCRemoteSwiftPackageReference;
			repositoryURL = "https://github.com/huybuidac/SwiftUIFontIcon";
			requirement = {
				branch = master;
				kind = branch;
			};
		};
		A33528F92B9C15D800668B0A /* XCRemoteSwiftPackageReference "swift-collections" */ = {
			isa = XCRemoteSwiftPackageReference;
			repositoryURL = "https://github.com/apple/swift-collections.git";
			requirement = {
				kind = upToNextMajorVersion;
				minimumVersion = 1.1.0;
			};
		};
		A33528FF2B9C1D7D00668B0A /* XCRemoteSwiftPackageReference "ChartView" */ = {
			isa = XCRemoteSwiftPackageReference;
			repositoryURL = "https://github.com/AppPear/ChartView";
			requirement = {
				kind = upToNextMajorVersion;
				minimumVersion = 1.5.5;
			};
		};
/* End XCRemoteSwiftPackageReference section */

/* Begin XCSwiftPackageProductDependency section */
		A33528F12B9ADC2A00668B0A /* SwiftUIFontIcon */ = {
			isa = XCSwiftPackageProductDependency;
			package = A33528F02B9ADAEA00668B0A /* XCRemoteSwiftPackageReference "SwiftUIFontIcon" */;
			productName = SwiftUIFontIcon;
		};
		A33528FD2B9C183500668B0A /* OrderedCollections */ = {
			isa = XCSwiftPackageProductDependency;
			package = A33528F92B9C15D800668B0A /* XCRemoteSwiftPackageReference "swift-collections" */;
			productName = OrderedCollections;
		};
		A33529002B9C1D8600668B0A /* SwiftUICharts */ = {
			isa = XCSwiftPackageProductDependency;
			package = A33528FF2B9C1D7D00668B0A /* XCRemoteSwiftPackageReference "ChartView" */;
			productName = SwiftUICharts;
		};
/* End XCSwiftPackageProductDependency section */
	};
	rootObject = A33528B12B9AB51A00668B0A /* Project object */;
}
